# This file was autogenerated by uv via the following command:
#    uv pip compile pyproject.toml -o requirements.lock
annotated-types==0.7.0
    # via pydantic
blinker==1.9.0
    # via flask
click==8.3.0
    # via flask
flask==3.1.2
    # via pyconjp2025 (pyproject.toml)
injector==0.22.0
    # via pyconjp2025 (pyproject.toml)
itsdangerous==2.2.0
    # via flask
jinja2==3.1.6
    # via flask
markupsafe==3.0.2
    # via
    #   flask
    #   jinja2
    #   werkzeug
pydantic==2.11.9
    # via pyconjp2025 (pyproject.toml)
pydantic-core==2.33.2
    # via pydantic
pymysql==1.1.2
    # via pyconjp2025 (pyproject.toml)
sqlalchemy==2.0.43
    # via pyconjp2025 (pyproject.toml)
types-pymysql==1.1.0.20250916
    # via pyconjp2025 (pyproject.toml)
typing-extensions==4.15.0
    # via
    #   pydantic
    #   pydantic-core
    #   sqlalchemy
    #   typing-inspection
typing-inspection==0.4.1
    # via pydantic
werkzeug==3.1.3
    # via flask
